<?xml version="1.0" encoding="UTF-8" standalone="yes" ?>
<CodeBlocks_project_file>
	<FileVersion major="1" minor="6" />
	<Project>
		<Option title="satOptMOEOS" />
		<Option pch_mode="2" />
		<Option compiler="gcc" />
		<Build>
			<Target title="Debug">
				<Option output="bin/Debug/satOptMOEOS" prefix_auto="1" extension_auto="1" />
				<Option object_output="obj/Debug/" />
				<Option type="1" />
				<Option compiler="gcc" />
				<Compiler>
					<Add option="-g" />
				</Compiler>
			</Target>
			<Target title="Release">
				<Option output="bin/Release/satOptMOEOS" prefix_auto="1" extension_auto="1" />
				<Option object_output="obj/Release/" />
				<Option type="1" />
				<Option compiler="gcc" />
				<Compiler>
					<Add option="-O2" />
				</Compiler>
				<Linker>
					<Add option="-s" />
				</Linker>
			</Target>
		</Build>
		<Compiler>
			<Add option="-Wall" />
			<Add option="-fexceptions" />
			<Add option="-std=c++11" />
			<Add directory="../ParadisEO-2.0/eo/src" />
			<Add directory="../ParadisEO-2.0/mo/src" />
			<Add directory="../ParadisEO-2.0/moeo/src" />
		</Compiler>
		<Linker>
			<Add library="../ParadisEO-2.0/build/eo/lib/libcma.a" />
			<Add library="../ParadisEO-2.0/build/eo/lib/libeo.a" />
			<Add library="../ParadisEO-2.0/build/eo/lib/libeoutils.a" />
			<Add library="../ParadisEO-2.0/build/eo/lib/libes.a" />
			<Add library="../ParadisEO-2.0/build/eo/lib/libga.a" />
			<Add library="../ParadisEO-2.0/build/moeo/lib/libmoeo.a" />
		</Linker>
		<Unit filename="inc/eoBitOp_.h" />
		<Unit filename="inc/instances.h" />
		<Unit filename="inc/moeoNSGAII_snj.h" />
		<Unit filename="src/FileAccess.cpp" />
		<Unit filename="src/FileAccess.h" />
		<Unit filename="src/Node.cpp" />
		<Unit filename="src/Node.h" />
		<Unit filename="src/Payload.cpp" />
		<Unit filename="src/Payload.h" />
		<Unit filename="src/Payload_100.cpp" />
		<Unit filename="src/Payload_100.h" />
		<Unit filename="src/Port.cpp" />
		<Unit filename="src/Port.h" />
		<Unit filename="src/PrIns.cpp" />
		<Unit filename="src/PrIns.h" />
		<Unit filename="src/RunResult.cpp" />
		<Unit filename="src/RunResult.h" />
		<Unit filename="src/SatOpt.h" />
		<Unit filename="src/main.cpp" />
		<Extensions>
			<envvars />
			<code_completion />
			<debugger />
		</Extensions>
	</Project>
</CodeBlocks_project_file>
